
Microsoft Visual Studio Solution File, Format Version 12.00
# Visual Studio Version 16
VisualStudioVersion = 16.0.32002.261
MinimumVisualStudioVersion = 10.0.40219.1
Project("{FAE04EC0-301F-11D3-BF4B-00C04F79EFBC}") = "supermarket", "supermarket\supermarket.csproj", "{93461BAF-9876-4645-9EBE-06E91C5A4BEC}"
EndProject
Global
	GlobalSection(SolutionConfigurationPlatforms) = preSolution
		Debug|Any CPU = Debug|Any CPU
		Release|Any CPU = Release|Any CPU
	EndGlobalSection
	GlobalSection(ProjectConfigurationPlatforms) = postSolution
		{93461BAF-9876-4645-9EBE-06E91C5A4BEC}.Debug|Any CPU.ActiveCfg = Debug|Any CPU
		{93461BAF-9876-4645-9EBE-06E91C5A4BEC}.Debug|Any CPU.Build.0 = Debug|Any CPU
		{93461BAF-9876-4645-9EBE-06E91C5A4BEC}.Release|Any CPU.ActiveCfg = Release|Any CPU
		{93461BAF-9876-4645-9EBE-06E91C5A4BEC}.Release|Any CPU.Build.0 = Release|Any CPU
	EndGlobalSection
	GlobalSection(SolutionProperties) = preSolution
		HideSolutionNode = FALSE
	EndGlobalSection
	GlobalSection(ExtensibilityGlobals) = postSolution
		SolutionGuid = {D9DD9BD9-97BA-4981-BFA9-5FBBF31F77A1}
	EndGlobalSection
EndGlobal
